{
  "name": "@si14/si-atsamd-i2c",
  "version": "1.0.2",
  "lockfileVersion": 1,
  "requires": true,
  "dependencies": {
    "@si14/si-application-events": {
      "version": "1.0.2",
      "resolved": "https://registry.npmjs.org/@si14/si-application-events/-/si-application-events-1.0.2.tgz",
      "integrity": "sha512-yb68LbDRZhYG/QcJneOj37i6GfVK3xU/Rt5Zn1XaTv7lf5Gf65/BfqtYg5QlZKYFZ8AaVI4S7ag26g5UZqKl0g=="
    },
    "@si14/si-generic-timer": {
      "version": "1.0.5",
      "resolved": "https://registry.npmjs.org/@si14/si-generic-timer/-/si-generic-timer-1.0.5.tgz",
      "integrity": "sha512-aBNfv8RBvulCZwHQ/pAJacSWPTQpkgZNOo4zklKLJGwXaE4iqGhQklfn56AtHAoGpJpGPjOOvoGsJI0b3UZKLA==",
      "requires": {
        "@si14/si-application-events": "^1.0.2"
      }
    },
    "@si14/si-systick-timer": {
      "version": "1.0.4",
      "resolved": "https://registry.npmjs.org/@si14/si-systick-timer/-/si-systick-timer-1.0.4.tgz",
      "integrity": "sha512-kXXl/MXFzdDX1Dt0ZalGmhQQERKidqk3+eP5iVzmAt4RY2/nZJCWYI4p/NE2SrCGn8O6ImctBssIL/njnAndzQ==",
      "requires": {
        "@si14/si-generic-timer": "^1.0.5"
      }
    }
  }
}
